
Microsoft Visual Studio Solution File, Format Version 12.00
# Visual Studio Version 17
VisualStudioVersion = 17.0.32014.148
MinimumVisualStudioVersion = 10.0.40219.1
Project("{FAE04EC0-301F-11D3-BF4B-00C04F79EFBC}") = "ApiwithPostgreDB", "ApiwithPostgreDB\ApiwithPostgreDB.csproj", "{AF96A192-F868-479C-9F3B-939F21BD172C}"
EndProject
Global
	GlobalSection(SolutionConfigurationPlatforms) = preSolution
		Debug|Any CPU = Debug|Any CPU
		Release|Any CPU = Release|Any CPU
	EndGlobalSection
	GlobalSection(ProjectConfigurationPlatforms) = postSolution
		{AF96A192-F868-479C-9F3B-939F21BD172C}.Debug|Any CPU.ActiveCfg = Debug|Any CPU
		{AF96A192-F868-479C-9F3B-939F21BD172C}.Debug|Any CPU.Build.0 = Debug|Any CPU
		{AF96A192-F868-479C-9F3B-939F21BD172C}.Release|Any CPU.ActiveCfg = Release|Any CPU
		{AF96A192-F868-479C-9F3B-939F21BD172C}.Release|Any CPU.Build.0 = Release|Any CPU
	EndGlobalSection
	GlobalSection(SolutionProperties) = preSolution
		HideSolutionNode = FALSE
	EndGlobalSection
	GlobalSection(ExtensibilityGlobals) = postSolution
		SolutionGuid = {11A877B5-BCFD-425B-9070-C0C54ED38E6F}
	EndGlobalSection
EndGlobal
